
Microsoft Visual Studio Solution File, Format Version 12.00
# Visual Studio 15
VisualStudioVersion = 15.0.26124.0
MinimumVisualStudioVersion = 15.0.26124.0
Project("{2150E333-8FDC-42A3-9474-1A3956D46DE8}") = "src", "src", "{56973D00-AED7-463C-AFDB-B8C5B7ABDCEC}"
EndProject
Project("{FAE04EC0-301F-11D3-BF4B-00C04F79EFBC}") = "MyLib", "src\MyLib\MyLib.csproj", "{83D880FB-4B05-42FD-B026-0949724A3E06}"
EndProject
Project("{FAE04EC0-301F-11D3-BF4B-00C04F79EFBC}") = "Web", "src\Web\Web.csproj", "{1E7C3720-0044-49CE-9F3C-8DA49A21FA33}"
EndProject
Global
	GlobalSection(SolutionConfigurationPlatforms) = preSolution
		Debug|Any CPU = Debug|Any CPU
		Debug|x64 = Debug|x64
		Debug|x86 = Debug|x86
		Release|Any CPU = Release|Any CPU
		Release|x64 = Release|x64
		Release|x86 = Release|x86
	EndGlobalSection
	GlobalSection(SolutionProperties) = preSolution
		HideSolutionNode = FALSE
	EndGlobalSection
	GlobalSection(ProjectConfigurationPlatforms) = postSolution
		{83D880FB-4B05-42FD-B026-0949724A3E06}.Debug|Any CPU.ActiveCfg = Debug|Any CPU
		{83D880FB-4B05-42FD-B026-0949724A3E06}.Debug|Any CPU.Build.0 = Debug|Any CPU
		{83D880FB-4B05-42FD-B026-0949724A3E06}.Debug|x64.ActiveCfg = Debug|x64
		{83D880FB-4B05-42FD-B026-0949724A3E06}.Debug|x64.Build.0 = Debug|x64
		{83D880FB-4B05-42FD-B026-0949724A3E06}.Debug|x86.ActiveCfg = Debug|x86
		{83D880FB-4B05-42FD-B026-0949724A3E06}.Debug|x86.Build.0 = Debug|x86
		{83D880FB-4B05-42FD-B026-0949724A3E06}.Release|Any CPU.ActiveCfg = Release|Any CPU
		{83D880FB-4B05-42FD-B026-0949724A3E06}.Release|Any CPU.Build.0 = Release|Any CPU
		{83D880FB-4B05-42FD-B026-0949724A3E06}.Release|x64.ActiveCfg = Release|x64
		{83D880FB-4B05-42FD-B026-0949724A3E06}.Release|x64.Build.0 = Release|x64
		{83D880FB-4B05-42FD-B026-0949724A3E06}.Release|x86.ActiveCfg = Release|x86
		{83D880FB-4B05-42FD-B026-0949724A3E06}.Release|x86.Build.0 = Release|x86
		{1E7C3720-0044-49CE-9F3C-8DA49A21FA33}.Debug|Any CPU.ActiveCfg = Debug|Any CPU
		{1E7C3720-0044-49CE-9F3C-8DA49A21FA33}.Debug|Any CPU.Build.0 = Debug|Any CPU
		{1E7C3720-0044-49CE-9F3C-8DA49A21FA33}.Debug|x64.ActiveCfg = Debug|x64
		{1E7C3720-0044-49CE-9F3C-8DA49A21FA33}.Debug|x64.Build.0 = Debug|x64
		{1E7C3720-0044-49CE-9F3C-8DA49A21FA33}.Debug|x86.ActiveCfg = Debug|x86
		{1E7C3720-0044-49CE-9F3C-8DA49A21FA33}.Debug|x86.Build.0 = Debug|x86
		{1E7C3720-0044-49CE-9F3C-8DA49A21FA33}.Release|Any CPU.ActiveCfg = Release|Any CPU
		{1E7C3720-0044-49CE-9F3C-8DA49A21FA33}.Release|Any CPU.Build.0 = Release|Any CPU
		{1E7C3720-0044-49CE-9F3C-8DA49A21FA33}.Release|x64.ActiveCfg = Release|x64
		{1E7C3720-0044-49CE-9F3C-8DA49A21FA33}.Release|x64.Build.0 = Release|x64
		{1E7C3720-0044-49CE-9F3C-8DA49A21FA33}.Release|x86.ActiveCfg = Release|x86
		{1E7C3720-0044-49CE-9F3C-8DA49A21FA33}.Release|x86.Build.0 = Release|x86
	EndGlobalSection
	GlobalSection(NestedProjects) = preSolution
		{83D880FB-4B05-42FD-B026-0949724A3E06} = {56973D00-AED7-463C-AFDB-B8C5B7ABDCEC}
		{1E7C3720-0044-49CE-9F3C-8DA49A21FA33} = {56973D00-AED7-463C-AFDB-B8C5B7ABDCEC}
	EndGlobalSection
EndGlobal
